// !$*UTF8*$!
{
	archiveVersion = 1;
	classes = {
	};
	objectVersion = 56;
	objects = {

/* Begin PBXBuildFile section */
		D3BE8A6E292E5BDE002A5785 /* MVP.storyboard in Resources */ = {isa = PBXBuildFile; fileRef = D3BE8A6D292E5BDE002A5785 /* MVP.storyboard */; };
		D3BE8A71292E9AE7002A5785 /* MVVMViewController.swift in Sources */ = {isa = PBXBuildFile; fileRef = D3BE8A70292E9AE7002A5785 /* MVVMViewController.swift */; };
		D3BE8A73292E9B19002A5785 /* MVVMViewModel.swift in Sources */ = {isa = PBXBuildFile; fileRef = D3BE8A72292E9B19002A5785 /* MVVMViewModel.swift */; };
		D3BE8A76292E9B8F002A5785 /* Dynamic.swift in Sources */ = {isa = PBXBuildFile; fileRef = D3BE8A75292E9B8F002A5785 /* Dynamic.swift */; };
		D3BE8A78292E9C10002A5785 /* MVVM.storyboard in Resources */ = {isa = PBXBuildFile; fileRef = D3BE8A77292E9C10002A5785 /* MVVM.storyboard */; };
		D3BE8A7F292EA811002A5785 /* VIPERModuleBuilder.swift in Sources */ = {isa = PBXBuildFile; fileRef = D3BE8A7A292EA811002A5785 /* VIPERModuleBuilder.swift */; };
		D3BE8A80292EA811002A5785 /* VIPERPresenter.swift in Sources */ = {isa = PBXBuildFile; fileRef = D3BE8A7B292EA811002A5785 /* VIPERPresenter.swift */; };
		D3BE8A81292EA811002A5785 /* VIPERRouter.swift in Sources */ = {isa = PBXBuildFile; fileRef = D3BE8A7C292EA811002A5785 /* VIPERRouter.swift */; };
		D3BE8A82292EA811002A5785 /* VIPERViewController.swift in Sources */ = {isa = PBXBuildFile; fileRef = D3BE8A7D292EA811002A5785 /* VIPERViewController.swift */; };
		D3BE8A83292EA811002A5785 /* VIPERInteractor.swift in Sources */ = {isa = PBXBuildFile; fileRef = D3BE8A7E292EA811002A5785 /* VIPERInteractor.swift */; };
		D3BE8A85292EA82E002A5785 /* VIPER.storyboard in Resources */ = {isa = PBXBuildFile; fileRef = D3BE8A84292EA82E002A5785 /* VIPER.storyboard */; };
		D3BE8A8A292EC192002A5785 /* CleanSwiftViewController.swift in Sources */ = {isa = PBXBuildFile; fileRef = D3BE8A89292EC192002A5785 /* CleanSwiftViewController.swift */; };
		D3BE8A8C292EC21D002A5785 /* CleanSwift.storyboard in Resources */ = {isa = PBXBuildFile; fileRef = D3BE8A8B292EC21D002A5785 /* CleanSwift.storyboard */; };
		D3C271E7292E3F8800A148F5 /* AppDelegate.swift in Sources */ = {isa = PBXBuildFile; fileRef = D3C271E6292E3F8800A148F5 /* AppDelegate.swift */; };
		D3C271E9292E3F8800A148F5 /* SceneDelegate.swift in Sources */ = {isa = PBXBuildFile; fileRef = D3C271E8292E3F8800A148F5 /* SceneDelegate.swift */; };
		D3C271EB292E3F8800A148F5 /* MVCViewController.swift in Sources */ = {isa = PBXBuildFile; fileRef = D3C271EA292E3F8800A148F5 /* MVCViewController.swift */; };
		D3C271EE292E3F8800A148F5 /* Main.storyboard in Resources */ = {isa = PBXBuildFile; fileRef = D3C271EC292E3F8800A148F5 /* Main.storyboard */; };
		D3C271F0292E3F8B00A148F5 /* Assets.xcassets in Resources */ = {isa = PBXBuildFile; fileRef = D3C271EF292E3F8B00A148F5 /* Assets.xcassets */; };
		D3C271F3292E3F8B00A148F5 /* LaunchScreen.storyboard in Resources */ = {isa = PBXBuildFile; fileRef = D3C271F1292E3F8B00A148F5 /* LaunchScreen.storyboard */; };
		D3C271FD292E40B900A148F5 /* MVCView.swift in Sources */ = {isa = PBXBuildFile; fileRef = D3C271FC292E40B900A148F5 /* MVCView.swift */; };
		D3C271FF292E40DA00A148F5 /* Car.swift in Sources */ = {isa = PBXBuildFile; fileRef = D3C271FE292E40DA00A148F5 /* Car.swift */; };
		D3D94B00292E5994002C3EDF /* MVPViewController.swift in Sources */ = {isa = PBXBuildFile; fileRef = D3D94AFF292E5994002C3EDF /* MVPViewController.swift */; };
		D3D94B05292E5A3C002C3EDF /* MVPPresenter.swift in Sources */ = {isa = PBXBuildFile; fileRef = D3D94B04292E5A3C002C3EDF /* MVPPresenter.swift */; };
		D3EAB87E292EC2BF00219679 /* CleanSwiftPresenter.swift in Sources */ = {isa = PBXBuildFile; fileRef = D3EAB87D292EC2BF00219679 /* CleanSwiftPresenter.swift */; };
		D3EAB880292EC2D300219679 /* CleanSwiftInteractor.swift in Sources */ = {isa = PBXBuildFile; fileRef = D3EAB87F292EC2D300219679 /* CleanSwiftInteractor.swift */; };
		D3EAB882292EC2E100219679 /* CleanSwiftRouter.swift in Sources */ = {isa = PBXBuildFile; fileRef = D3EAB881292EC2E100219679 /* CleanSwiftRouter.swift */; };
/* End PBXBuildFile section */

/* Begin PBXFileReference section */
		D3BE8A6D292E5BDE002A5785 /* MVP.storyboard */ = {isa = PBXFileReference; lastKnownFileType = file.storyboard; path = MVP.storyboard; sourceTree = "<group>"; };
		D3BE8A70292E9AE7002A5785 /* MVVMViewController.swift */ = {isa = PBXFileReference; lastKnownFileType = sourcecode.swift; path = MVVMViewController.swift; sourceTree = "<group>"; };
		D3BE8A72292E9B19002A5785 /* MVVMViewModel.swift */ = {isa = PBXFileReference; lastKnownFileType = sourcecode.swift; path = MVVMViewModel.swift; sourceTree = "<group>"; };
		D3BE8A75292E9B8F002A5785 /* Dynamic.swift */ = {isa = PBXFileReference; lastKnownFileType = sourcecode.swift; path = Dynamic.swift; sourceTree = "<group>"; };
		D3BE8A77292E9C10002A5785 /* MVVM.storyboard */ = {isa = PBXFileReference; lastKnownFileType = file.storyboard; path = MVVM.storyboard; sourceTree = "<group>"; };
		D3BE8A7A292EA811002A5785 /* VIPERModuleBuilder.swift */ = {isa = PBXFileReference; lastKnownFileType = sourcecode.swift; path = VIPERModuleBuilder.swift; sourceTree = "<group>"; };
		D3BE8A7B292EA811002A5785 /* VIPERPresenter.swift */ = {isa = PBXFileReference; lastKnownFileType = sourcecode.swift; path = VIPERPresenter.swift; sourceTree = "<group>"; };
		D3BE8A7C292EA811002A5785 /* VIPERRouter.swift */ = {isa = PBXFileReference; lastKnownFileType = sourcecode.swift; path = VIPERRouter.swift; sourceTree = "<group>"; };
		D3BE8A7D292EA811002A5785 /* VIPERViewController.swift */ = {isa = PBXFileReference; lastKnownFileType = sourcecode.swift; path = VIPERViewController.swift; sourceTree = "<group>"; };
		D3BE8A7E292EA811002A5785 /* VIPERInteractor.swift */ = {isa = PBXFileReference; lastKnownFileType = sourcecode.swift; path = VIPERInteractor.swift; sourceTree = "<group>"; };
		D3BE8A84292EA82E002A5785 /* VIPER.storyboard */ = {isa = PBXFileReference; lastKnownFileType = file.storyboard; path = VIPER.storyboard; sourceTree = "<group>"; };
		D3BE8A89292EC192002A5785 /* CleanSwiftViewController.swift */ = {isa = PBXFileReference; lastKnownFileType = sourcecode.swift; path = CleanSwiftViewController.swift; sourceTree = "<group>"; };
		D3BE8A8B292EC21D002A5785 /* CleanSwift.storyboard */ = {isa = PBXFileReference; lastKnownFileType = file.storyboard; path = CleanSwift.storyboard; sourceTree = "<group>"; };
		D3C271E3292E3F8800A148F5 /* TestPatterns.app */ = {isa = PBXFileReference; explicitFileType = wrapper.application; includeInIndex = 0; path = TestPatterns.app; sourceTree = BUILT_PRODUCTS_DIR; };
		D3C271E6292E3F8800A148F5 /* AppDelegate.swift */ = {isa = PBXFileReference; lastKnownFileType = sourcecode.swift; path = AppDelegate.swift; sourceTree = "<group>"; };
		D3C271E8292E3F8800A148F5 /* SceneDelegate.swift */ = {isa = PBXFileReference; lastKnownFileType = sourcecode.swift; path = SceneDelegate.swift; sourceTree = "<group>"; };
		D3C271EA292E3F8800A148F5 /* MVCViewController.swift */ = {isa = PBXFileReference; lastKnownFileType = sourcecode.swift; path = MVCViewController.swift; sourceTree = "<group>"; };
		D3C271ED292E3F8800A148F5 /* Base */ = {isa = PBXFileReference; lastKnownFileType = file.storyboard; name = Base; path = Base.lproj/Main.storyboard; sourceTree = "<group>"; };
		D3C271EF292E3F8B00A148F5 /* Assets.xcassets */ = {isa = PBXFileReference; lastKnownFileType = folder.assetcatalog; path = Assets.xcassets; sourceTree = "<group>"; };
		D3C271F2292E3F8B00A148F5 /* Base */ = {isa = PBXFileReference; lastKnownFileType = file.storyboard; name = Base; path = Base.lproj/LaunchScreen.storyboard; sourceTree = "<group>"; };
		D3C271F4292E3F8B00A148F5 /* Info.plist */ = {isa = PBXFileReference; lastKnownFileType = text.plist.xml; path = Info.plist; sourceTree = "<group>"; };
		D3C271FC292E40B900A148F5 /* MVCView.swift */ = {isa = PBXFileReference; lastKnownFileType = sourcecode.swift; path = MVCView.swift; sourceTree = "<group>"; };
		D3C271FE292E40DA00A148F5 /* Car.swift */ = {isa = PBXFileReference; lastKnownFileType = sourcecode.swift; path = Car.swift; sourceTree = "<group>"; };
		D3D94AFF292E5994002C3EDF /* MVPViewController.swift */ = {isa = PBXFileReference; lastKnownFileType = sourcecode.swift; path = MVPViewController.swift; sourceTree = "<group>"; };
		D3D94B04292E5A3C002C3EDF /* MVPPresenter.swift */ = {isa = PBXFileReference; lastKnownFileType = sourcecode.swift; path = MVPPresenter.swift; sourceTree = "<group>"; };
		D3EAB87D292EC2BF00219679 /* CleanSwiftPresenter.swift */ = {isa = PBXFileReference; lastKnownFileType = sourcecode.swift; path = CleanSwiftPresenter.swift; sourceTree = "<group>"; };
		D3EAB87F292EC2D300219679 /* CleanSwiftInteractor.swift */ = {isa = PBXFileReference; lastKnownFileType = sourcecode.swift; path = CleanSwiftInteractor.swift; sourceTree = "<group>"; };
		D3EAB881292EC2E100219679 /* CleanSwiftRouter.swift */ = {isa = PBXFileReference; lastKnownFileType = sourcecode.swift; path = CleanSwiftRouter.swift; sourceTree = "<group>"; };
/* End PBXFileReference section */

/* Begin PBXFrameworksBuildPhase section */
		D3C271E0292E3F8800A148F5 /* Frameworks */ = {
			isa = PBXFrameworksBuildPhase;
			buildActionMask = 2147483647;
			files = (
			);
			runOnlyForDeploymentPostprocessing = 0;
		};
/* End PBXFrameworksBuildPhase section */

/* Begin PBXGroup section */
		D3ACAE8E2932AE650099987D /* Views */ = {
			isa = PBXGroup;
			children = (
				D3C271EC292E3F8800A148F5 /* Main.storyboard */,
				D3C271FC292E40B900A148F5 /* MVCView.swift */,
			);
			path = Views;
			sourceTree = "<group>";
		};
		D3ACAE8F2932AE6E0099987D /* Controllers */ = {
			isa = PBXGroup;
			children = (
				D3C271EA292E3F8800A148F5 /* MVCViewController.swift */,
			);
			path = Controllers;
			sourceTree = "<group>";
		};
		D3ACAE902932AF000099987D /* Views */ = {
			isa = PBXGroup;
			children = (
				D3BE8A6D292E5BDE002A5785 /* MVP.storyboard */,
				D3D94AFF292E5994002C3EDF /* MVPViewController.swift */,
			);
			path = Views;
			sourceTree = "<group>";
		};
		D3ACAE912932AF1E0099987D /* Presenters */ = {
			isa = PBXGroup;
			children = (
				D3D94B04292E5A3C002C3EDF /* MVPPresenter.swift */,
			);
			path = Presenters;
			sourceTree = "<group>";
		};
		D3ACAE922932BAF90099987D /* Views */ = {
			isa = PBXGroup;
			children = (
				D3BE8A77292E9C10002A5785 /* MVVM.storyboard */,
				D3BE8A70292E9AE7002A5785 /* MVVMViewController.swift */,
			);
			path = Views;
			sourceTree = "<group>";
		};
		D3ACAE932932BB020099987D /* ViewModels */ = {
			isa = PBXGroup;
			children = (
				D3BE8A72292E9B19002A5785 /* MVVMViewModel.swift */,
			);
			path = ViewModels;
			sourceTree = "<group>";
		};
		D3BE8A6F292E9AAA002A5785 /* MVVM */ = {
			isa = PBXGroup;
			children = (
				D3BE8A74292E9B7F002A5785 /* Bindings */,
				D3ACAE922932BAF90099987D /* Views */,
				D3ACAE932932BB020099987D /* ViewModels */,
			);
			path = MVVM;
			sourceTree = "<group>";
		};
		D3BE8A74292E9B7F002A5785 /* Bindings */ = {
			isa = PBXGroup;
			children = (
				D3BE8A75292E9B8F002A5785 /* Dynamic.swift */,
			);
			path = Bindings;
			sourceTree = "<group>";
		};
		D3BE8A79292EA7C8002A5785 /* VIPER */ = {
			isa = PBXGroup;
			children = (
				D3BE8A84292EA82E002A5785 /* VIPER.storyboard */,
				D3BE8A7D292EA811002A5785 /* VIPERViewController.swift */,
				D3BE8A7B292EA811002A5785 /* VIPERPresenter.swift */,
				D3BE8A7E292EA811002A5785 /* VIPERInteractor.swift */,
				D3BE8A7A292EA811002A5785 /* VIPERModuleBuilder.swift */,
				D3BE8A7C292EA811002A5785 /* VIPERRouter.swift */,
			);
			path = VIPER;
			sourceTree = "<group>";
		};
		D3BE8A88292EC119002A5785 /* CleanSwift */ = {
			isa = PBXGroup;
			children = (
				D3BE8A8B292EC21D002A5785 /* CleanSwift.storyboard */,
				D3BE8A89292EC192002A5785 /* CleanSwiftViewController.swift */,
				D3EAB87F292EC2D300219679 /* CleanSwiftInteractor.swift */,
				D3EAB87D292EC2BF00219679 /* CleanSwiftPresenter.swift */,
				D3EAB881292EC2E100219679 /* CleanSwiftRouter.swift */,
			);
			path = CleanSwift;
			sourceTree = "<group>";
		};
		D3C271DA292E3F8800A148F5 = {
			isa = PBXGroup;
			children = (
				D3C271E5292E3F8800A148F5 /* TestPatterns */,
				D3C271E4292E3F8800A148F5 /* Products */,
			);
			sourceTree = "<group>";
		};
		D3C271E4292E3F8800A148F5 /* Products */ = {
			isa = PBXGroup;
			children = (
				D3C271E3292E3F8800A148F5 /* TestPatterns.app */,
			);
			name = Products;
			sourceTree = "<group>";
		};
		D3C271E5292E3F8800A148F5 /* TestPatterns */ = {
			isa = PBXGroup;
			children = (
				D3C27200292E58B200A148F5 /* MVC */,
				D3D94B06292E5A62002C3EDF /* MVP */,
				D3BE8A6F292E9AAA002A5785 /* MVVM */,
				D3BE8A79292EA7C8002A5785 /* VIPER */,
				D3BE8A88292EC119002A5785 /* CleanSwift */,
				D3D94B01292E59BE002C3EDF /* Models */,
				D3C271FB292E403F00A148F5 /* Resources */,
				D3C271FA292E402E00A148F5 /* Application */,
			);
			path = TestPatterns;
			sourceTree = "<group>";
		};
		D3C271FA292E402E00A148F5 /* Application */ = {
			isa = PBXGroup;
			children = (
				D3C271E6292E3F8800A148F5 /* AppDelegate.swift */,
				D3C271E8292E3F8800A148F5 /* SceneDelegate.swift */,
			);
			path = Application;
			sourceTree = "<group>";
		};
		D3C271FB292E403F00A148F5 /* Resources */ = {
			isa = PBXGroup;
			children = (
				D3C271EF292E3F8B00A148F5 /* Assets.xcassets */,
				D3C271F1292E3F8B00A148F5 /* LaunchScreen.storyboard */,
				D3C271F4292E3F8B00A148F5 /* Info.plist */,
			);
			path = Resources;
			sourceTree = "<group>";
		};
		D3C27200292E58B200A148F5 /* MVC */ = {
			isa = PBXGroup;
			children = (
				D3ACAE8E2932AE650099987D /* Views */,
				D3ACAE8F2932AE6E0099987D /* Controllers */,
			);
			path = MVC;
			sourceTree = "<group>";
		};
		D3D94B01292E59BE002C3EDF /* Models */ = {
			isa = PBXGroup;
			children = (
				D3C271FE292E40DA00A148F5 /* Car.swift */,
			);
			path = Models;
			sourceTree = "<group>";
		};
		D3D94B06292E5A62002C3EDF /* MVP */ = {
			isa = PBXGroup;
			children = (
				D3ACAE902932AF000099987D /* Views */,
				D3ACAE912932AF1E0099987D /* Presenters */,
			);
			path = MVP;
			sourceTree = "<group>";
		};
/* End PBXGroup section */

/* Begin PBXNativeTarget section */
		D3C271E2292E3F8800A148F5 /* TestPatterns */ = {
			isa = PBXNativeTarget;
			buildConfigurationList = D3C271F7292E3F8B00A148F5 /* Build configuration list for PBXNativeTarget "TestPatterns" */;
			buildPhases = (
				D3C271DF292E3F8800A148F5 /* Sources */,
				D3C271E0292E3F8800A148F5 /* Frameworks */,
				D3C271E1292E3F8800A148F5 /* Resources */,
			);
			buildRules = (
			);
			dependencies = (
			);
			name = TestPatterns;
			productName = TestPatterns;
			productReference = D3C271E3292E3F8800A148F5 /* TestPatterns.app */;
			productType = "com.apple.product-type.application";
		};
/* End PBXNativeTarget section */

/* Begin PBXProject section */
		D3C271DB292E3F8800A148F5 /* Project object */ = {
			isa = PBXProject;
			attributes = {
				BuildIndependentTargetsInParallel = 1;
				LastSwiftUpdateCheck = 1410;
				LastUpgradeCheck = 1410;
				TargetAttributes = {
					D3C271E2292E3F8800A148F5 = {
						CreatedOnToolsVersion = 14.1;
					};
				};
			};
			buildConfigurationList = D3C271DE292E3F8800A148F5 /* Build configuration list for PBXProject "TestPatterns" */;
			compatibilityVersion = "Xcode 14.0";
			developmentRegion = en;
			hasScannedForEncodings = 0;
			knownRegions = (
				en,
				Base,
			);
			mainGroup = D3C271DA292E3F8800A148F5;
			productRefGroup = D3C271E4292E3F8800A148F5 /* Products */;
			projectDirPath = "";
			projectRoot = "";
			targets = (
				D3C271E2292E3F8800A148F5 /* TestPatterns */,
			);
		};
/* End PBXProject section */

/* Begin PBXResourcesBuildPhase section */
		D3C271E1292E3F8800A148F5 /* Resources */ = {
			isa = PBXResourcesBuildPhase;
			buildActionMask = 2147483647;
			files = (
				D3BE8A78292E9C10002A5785 /* MVVM.storyboard in Resources */,
				D3BE8A8C292EC21D002A5785 /* CleanSwift.storyboard in Resources */,
				D3BE8A6E292E5BDE002A5785 /* MVP.storyboard in Resources */,
				D3C271F3292E3F8B00A148F5 /* LaunchScreen.storyboard in Resources */,
				D3C271F0292E3F8B00A148F5 /* Assets.xcassets in Resources */,
				D3C271EE292E3F8800A148F5 /* Main.storyboard in Resources */,
				D3BE8A85292EA82E002A5785 /* VIPER.storyboard in Resources */,
			);
			runOnlyForDeploymentPostprocessing = 0;
		};
/* End PBXResourcesBuildPhase section */

/* Begin PBXSourcesBuildPhase section */
		D3C271DF292E3F8800A148F5 /* Sources */ = {
			isa = PBXSourcesBuildPhase;
			buildActionMask = 2147483647;
			files = (
				D3BE8A81292EA811002A5785 /* VIPERRouter.swift in Sources */,
				D3EAB882292EC2E100219679 /* CleanSwiftRouter.swift in Sources */,
				D3BE8A82292EA811002A5785 /* VIPERViewController.swift in Sources */,
				D3BE8A71292E9AE7002A5785 /* MVVMViewController.swift in Sources */,
				D3BE8A80292EA811002A5785 /* VIPERPresenter.swift in Sources */,
				D3EAB87E292EC2BF00219679 /* CleanSwiftPresenter.swift in Sources */,
				D3BE8A76292E9B8F002A5785 /* Dynamic.swift in Sources */,
				D3BE8A73292E9B19002A5785 /* MVVMViewModel.swift in Sources */,
				D3C271EB292E3F8800A148F5 /* MVCViewController.swift in Sources */,
				D3C271FF292E40DA00A148F5 /* Car.swift in Sources */,
				D3BE8A8A292EC192002A5785 /* CleanSwiftViewController.swift in Sources */,
				D3D94B00292E5994002C3EDF /* MVPViewController.swift in Sources */,
				D3C271FD292E40B900A148F5 /* MVCView.swift in Sources */,
				D3EAB880292EC2D300219679 /* CleanSwiftInteractor.swift in Sources */,
				D3BE8A7F292EA811002A5785 /* VIPERModuleBuilder.swift in Sources */,
				D3C271E7292E3F8800A148F5 /* AppDelegate.swift in Sources */,
				D3D94B05292E5A3C002C3EDF /* MVPPresenter.swift in Sources */,
				D3C271E9292E3F8800A148F5 /* SceneDelegate.swift in Sources */,
				D3BE8A83292EA811002A5785 /* VIPERInteractor.swift in Sources */,
			);
			runOnlyForDeploymentPostprocessing = 0;
		};
/* End PBXSourcesBuildPhase section */

/* Begin PBXVariantGroup section */
		D3C271EC292E3F8800A148F5 /* Main.storyboard */ = {
			isa = PBXVariantGroup;
			children = (
				D3C271ED292E3F8800A148F5 /* Base */,
			);
			name = Main.storyboard;
			sourceTree = "<group>";
		};
		D3C271F1292E3F8B00A148F5 /* LaunchScreen.storyboard */ = {
			isa = PBXVariantGroup;
			children = (
				D3C271F2292E3F8B00A148F5 /* Base */,
			);
			name = LaunchScreen.storyboard;
			sourceTree = "<group>";
		};
/* End PBXVariantGroup section */

/* Begin XCBuildConfiguration section */
		D3C271F5292E3F8B00A148F5 /* Debug */ = {
			isa = XCBuildConfiguration;
			buildSettings = {
				ALWAYS_SEARCH_USER_PATHS = NO;
				CLANG_ANALYZER_NONNULL = YES;
				CLANG_ANALYZER_NUMBER_OBJECT_CONVERSION = YES_AGGRESSIVE;
				CLANG_CXX_LANGUAGE_STANDARD = "gnu++20";
				CLANG_ENABLE_MODULES = YES;
				CLANG_ENABLE_OBJC_ARC = YES;
				CLANG_ENABLE_OBJC_WEAK = YES;
				CLANG_WARN_BLOCK_CAPTURE_AUTORELEASING = YES;
				CLANG_WARN_BOOL_CONVERSION = YES;
				CLANG_WARN_COMMA = YES;
				CLANG_WARN_CONSTANT_CONVERSION = YES;
				CLANG_WARN_DEPRECATED_OBJC_IMPLEMENTATIONS = YES;
				CLANG_WARN_DIRECT_OBJC_ISA_USAGE = YES_ERROR;
				CLANG_WARN_DOCUMENTATION_COMMENTS = YES;
				CLANG_WARN_EMPTY_BODY = YES;
				CLANG_WARN_ENUM_CONVERSION = YES;
				CLANG_WARN_INFINITE_RECURSION = YES;
				CLANG_WARN_INT_CONVERSION = YES;
				CLANG_WARN_NON_LITERAL_NULL_CONVERSION = YES;
				CLANG_WARN_OBJC_IMPLICIT_RETAIN_SELF = YES;
				CLANG_WARN_OBJC_LITERAL_CONVERSION = YES;
				CLANG_WARN_OBJC_ROOT_CLASS = YES_ERROR;
				CLANG_WARN_QUOTED_INCLUDE_IN_FRAMEWORK_HEADER = YES;
				CLANG_WARN_RANGE_LOOP_ANALYSIS = YES;
				CLANG_WARN_STRICT_PROTOTYPES = YES;
				CLANG_WARN_SUSPICIOUS_MOVE = YES;
				CLANG_WARN_UNGUARDED_AVAILABILITY = YES_AGGRESSIVE;
				CLANG_WARN_UNREACHABLE_CODE = YES;
				CLANG_WARN__DUPLICATE_METHOD_MATCH = YES;
				COPY_PHASE_STRIP = NO;
				DEBUG_INFORMATION_FORMAT = dwarf;
				ENABLE_STRICT_OBJC_MSGSEND = YES;
				ENABLE_TESTABILITY = YES;
				GCC_C_LANGUAGE_STANDARD = gnu11;
				GCC_DYNAMIC_NO_PIC = NO;
				GCC_NO_COMMON_BLOCKS = YES;
				GCC_OPTIMIZATION_LEVEL = 0;
				GCC_PREPROCESSOR_DEFINITIONS = (
					"DEBUG=1",
					"$(inherited)",
				);
				GCC_WARN_64_TO_32_BIT_CONVERSION = YES;
				GCC_WARN_ABOUT_RETURN_TYPE = YES_ERROR;
				GCC_WARN_UNDECLARED_SELECTOR = YES;
				GCC_WARN_UNINITIALIZED_AUTOS = YES_AGGRESSIVE;
				GCC_WARN_UNUSED_FUNCTION = YES;
				GCC_WARN_UNUSED_VARIABLE = YES;
				IPHONEOS_DEPLOYMENT_TARGET = 16.1;
				MTL_ENABLE_DEBUG_INFO = INCLUDE_SOURCE;
				MTL_FAST_MATH = YES;
				ONLY_ACTIVE_ARCH = YES;
				SDKROOT = iphoneos;
				SWIFT_ACTIVE_COMPILATION_CONDITIONS = DEBUG;
				SWIFT_OPTIMIZATION_LEVEL = "-Onone";
			};
			name = Debug;
		};
		D3C271F6292E3F8B00A148F5 /* Release */ = {
			isa = XCBuildConfiguration;
			buildSettings = {
				ALWAYS_SEARCH_USER_PATHS = NO;
				CLANG_ANALYZER_NONNULL = YES;
				CLANG_ANALYZER_NUMBER_OBJECT_CONVERSION = YES_AGGRESSIVE;
				CLANG_CXX_LANGUAGE_STANDARD = "gnu++20";
				CLANG_ENABLE_MODULES = YES;
				CLANG_ENABLE_OBJC_ARC = YES;
				CLANG_ENABLE_OBJC_WEAK = YES;
				CLANG_WARN_BLOCK_CAPTURE_AUTORELEASING = YES;
				CLANG_WARN_BOOL_CONVERSION = YES;
				CLANG_WARN_COMMA = YES;
				CLANG_WARN_CONSTANT_CONVERSION = YES;
				CLANG_WARN_DEPRECATED_OBJC_IMPLEMENTATIONS = YES;
				CLANG_WARN_DIRECT_OBJC_ISA_USAGE = YES_ERROR;
				CLANG_WARN_DOCUMENTATION_COMMENTS = YES;
				CLANG_WARN_EMPTY_BODY = YES;
				CLANG_WARN_ENUM_CONVERSION = YES;
				CLANG_WARN_INFINITE_RECURSION = YES;
				CLANG_WARN_INT_CONVERSION = YES;
				CLANG_WARN_NON_LITERAL_NULL_CONVERSION = YES;
				CLANG_WARN_OBJC_IMPLICIT_RETAIN_SELF = YES;
				CLANG_WARN_OBJC_LITERAL_CONVERSION = YES;
				CLANG_WARN_OBJC_ROOT_CLASS = YES_ERROR;
				CLANG_WARN_QUOTED_INCLUDE_IN_FRAMEWORK_HEADER = YES;
				CLANG_WARN_RANGE_LOOP_ANALYSIS = YES;
				CLANG_WARN_STRICT_PROTOTYPES = YES;
				CLANG_WARN_SUSPICIOUS_MOVE = YES;
				CLANG_WARN_UNGUARDED_AVAILABILITY = YES_AGGRESSIVE;
				CLANG_WARN_UNREACHABLE_CODE = YES;
				CLANG_WARN__DUPLICATE_METHOD_MATCH = YES;
				COPY_PHASE_STRIP = NO;
				DEBUG_INFORMATION_FORMAT = "dwarf-with-dsym";
				ENABLE_NS_ASSERTIONS = NO;
				ENABLE_STRICT_OBJC_MSGSEND = YES;
				GCC_C_LANGUAGE_STANDARD = gnu11;
				GCC_NO_COMMON_BLOCKS = YES;
				GCC_WARN_64_TO_32_BIT_CONVERSION = YES;
				GCC_WARN_ABOUT_RETURN_TYPE = YES_ERROR;
				GCC_WARN_UNDECLARED_SELECTOR = YES;
				GCC_WARN_UNINITIALIZED_AUTOS = YES_AGGRESSIVE;
				GCC_WARN_UNUSED_FUNCTION = YES;
				GCC_WARN_UNUSED_VARIABLE = YES;
				IPHONEOS_DEPLOYMENT_TARGET = 16.1;
				MTL_ENABLE_DEBUG_INFO = NO;
				MTL_FAST_MATH = YES;
				SDKROOT = iphoneos;
				SWIFT_COMPILATION_MODE = wholemodule;
				SWIFT_OPTIMIZATION_LEVEL = "-O";
				VALIDATE_PRODUCT = YES;
			};
			name = Release;
		};
		D3C271F8292E3F8B00A148F5 /* Debug */ = {
			isa = XCBuildConfiguration;
			buildSettings = {
				ASSETCATALOG_COMPILER_APPICON_NAME = AppIcon;
				ASSETCATALOG_COMPILER_GLOBAL_ACCENT_COLOR_NAME = AccentColor;
				CODE_SIGN_STYLE = Automatic;
				CURRENT_PROJECT_VERSION = 1;
				DEVELOPMENT_TEAM = G4CFK969KL;
				GENERATE_INFOPLIST_FILE = YES;
				INFOPLIST_FILE = TestPatterns/Resources/Info.plist;
				INFOPLIST_KEY_UIApplicationSupportsIndirectInputEvents = YES;
				INFOPLIST_KEY_UILaunchStoryboardName = LaunchScreen;
				INFOPLIST_KEY_UIMainStoryboardFile = Main;
				INFOPLIST_KEY_UISupportedInterfaceOrientations_iPad = "UIInterfaceOrientationPortrait UIInterfaceOrientationPortraitUpsideDown UIInterfaceOrientationLandscapeLeft UIInterfaceOrientationLandscapeRight";
				INFOPLIST_KEY_UISupportedInterfaceOrientations_iPhone = "UIInterfaceOrientationPortrait UIInterfaceOrientationLandscapeLeft UIInterfaceOrientationLandscapeRight";
				LD_RUNPATH_SEARCH_PATHS = (
					"$(inherited)",
					"@executable_path/Frameworks",
				);
				MARKETING_VERSION = 1.0;
				PRODUCT_BUNDLE_IDENTIFIER = com.wx.TestPatterns;
				PRODUCT_NAME = "$(TARGET_NAME)";
				SWIFT_EMIT_LOC_STRINGS = YES;
				SWIFT_VERSION = 5.0;
				TARGETED_DEVICE_FAMILY = "1,2";
			};
			name = Debug;
		};
		D3C271F9292E3F8B00A148F5 /* Release */ = {
			isa = XCBuildConfiguration;
			buildSettings = {
				ASSETCATALOG_COMPILER_APPICON_NAME = AppIcon;
				ASSETCATALOG_COMPILER_GLOBAL_ACCENT_COLOR_NAME = AccentColor;
				CODE_SIGN_STYLE = Automatic;
				CURRENT_PROJECT_VERSION = 1;
				DEVELOPMENT_TEAM = G4CFK969KL;
				GENERATE_INFOPLIST_FILE = YES;
				INFOPLIST_FILE = TestPatterns/Resources/Info.plist;
				INFOPLIST_KEY_UIApplicationSupportsIndirectInputEvents = YES;
				INFOPLIST_KEY_UILaunchStoryboardName = LaunchScreen;
				INFOPLIST_KEY_UIMainStoryboardFile = Main;
				INFOPLIST_KEY_UISupportedInterfaceOrientations_iPad = "UIInterfaceOrientationPortrait UIInterfaceOrientationPortraitUpsideDown UIInterfaceOrientationLandscapeLeft UIInterfaceOrientationLandscapeRight";
				INFOPLIST_KEY_UISupportedInterfaceOrientations_iPhone = "UIInterfaceOrientationPortrait UIInterfaceOrientationLandscapeLeft UIInterfaceOrientationLandscapeRight";
				LD_RUNPATH_SEARCH_PATHS = (
					"$(inherited)",
					"@executable_path/Frameworks",
				);
				MARKETING_VERSION = 1.0;
				PRODUCT_BUNDLE_IDENTIFIER = com.wx.TestPatterns;
				PRODUCT_NAME = "$(TARGET_NAME)";
				SWIFT_EMIT_LOC_STRINGS = YES;
				SWIFT_VERSION = 5.0;
				TARGETED_DEVICE_FAMILY = "1,2";
			};
			name = Release;
		};
/* End XCBuildConfiguration section */

/* Begin XCConfigurationList section */
		D3C271DE292E3F8800A148F5 /* Build configuration list for PBXProject "TestPatterns" */ = {
			isa = XCConfigurationList;
			buildConfigurations = (
				D3C271F5292E3F8B00A148F5 /* Debug */,
				D3C271F6292E3F8B00A148F5 /* Release */,
			);
			defaultConfigurationIsVisible = 0;
			defaultConfigurationName = Release;
		};
		D3C271F7292E3F8B00A148F5 /* Build configuration list for PBXNativeTarget "TestPatterns" */ = {
			isa = XCConfigurationList;
			buildConfigurations = (
				D3C271F8292E3F8B00A148F5 /* Debug */,
				D3C271F9292E3F8B00A148F5 /* Release */,
			);
			defaultConfigurationIsVisible = 0;
			defaultConfigurationName = Release;
		};
/* End XCConfigurationList section */
	};
	rootObject = D3C271DB292E3F8800A148F5 /* Project object */;
}
